
Microsoft Visual Studio Solution File, Format Version 12.00
# Visual Studio Version 16
VisualStudioVersion = 16.0.30011.22
MinimumVisualStudioVersion = 10.0.40219.1
Project("{FAE04EC0-301F-11D3-BF4B-00C04F79EFBC}") = "Bake.Android", "Bake.Android\Bake.Android.csproj", "{E301E5EB-0FED-43C6-8E98-EED3052602F0}"
EndProject
Project("{FAE04EC0-301F-11D3-BF4B-00C04F79EFBC}") = "Bake.iOS", "Bake.iOS\Bake.iOS.csproj", "{0B059EBE-E52F-4BD2-889E-67EB896DAF75}"
EndProject
Project("{FAE04EC0-301F-11D3-BF4B-00C04F79EFBC}") = "Bake", "Bake\Bake.csproj", "{5D26FFA7-E72A-4FD8-97DB-4E94139FB43C}"
EndProject
Global
	GlobalSection(SolutionConfigurationPlatforms) = preSolution
		Debug|Any CPU = Debug|Any CPU
		Debug|iPhone = Debug|iPhone
		Debug|iPhoneSimulator = Debug|iPhoneSimulator
		Release|Any CPU = Release|Any CPU
		Release|iPhone = Release|iPhone
		Release|iPhoneSimulator = Release|iPhoneSimulator
	EndGlobalSection
	GlobalSection(ProjectConfigurationPlatforms) = postSolution
		{E301E5EB-0FED-43C6-8E98-EED3052602F0}.Debug|Any CPU.ActiveCfg = Debug|Any CPU
		{E301E5EB-0FED-43C6-8E98-EED3052602F0}.Debug|Any CPU.Build.0 = Debug|Any CPU
		{E301E5EB-0FED-43C6-8E98-EED3052602F0}.Debug|Any CPU.Deploy.0 = Debug|Any CPU
		{E301E5EB-0FED-43C6-8E98-EED3052602F0}.Debug|iPhone.ActiveCfg = Debug|Any CPU
		{E301E5EB-0FED-43C6-8E98-EED3052602F0}.Debug|iPhone.Build.0 = Debug|Any CPU
		{E301E5EB-0FED-43C6-8E98-EED3052602F0}.Debug|iPhone.Deploy.0 = Debug|Any CPU
		{E301E5EB-0FED-43C6-8E98-EED3052602F0}.Debug|iPhoneSimulator.ActiveCfg = Debug|Any CPU
		{E301E5EB-0FED-43C6-8E98-EED3052602F0}.Debug|iPhoneSimulator.Build.0 = Debug|Any CPU
		{E301E5EB-0FED-43C6-8E98-EED3052602F0}.Debug|iPhoneSimulator.Deploy.0 = Debug|Any CPU
		{E301E5EB-0FED-43C6-8E98-EED3052602F0}.Release|Any CPU.ActiveCfg = Release|Any CPU
		{E301E5EB-0FED-43C6-8E98-EED3052602F0}.Release|Any CPU.Build.0 = Release|Any CPU
		{E301E5EB-0FED-43C6-8E98-EED3052602F0}.Release|Any CPU.Deploy.0 = Release|Any CPU
		{E301E5EB-0FED-43C6-8E98-EED3052602F0}.Release|iPhone.ActiveCfg = Release|Any CPU
		{E301E5EB-0FED-43C6-8E98-EED3052602F0}.Release|iPhone.Build.0 = Release|Any CPU
		{E301E5EB-0FED-43C6-8E98-EED3052602F0}.Release|iPhone.Deploy.0 = Release|Any CPU
		{E301E5EB-0FED-43C6-8E98-EED3052602F0}.Release|iPhoneSimulator.ActiveCfg = Release|Any CPU
		{E301E5EB-0FED-43C6-8E98-EED3052602F0}.Release|iPhoneSimulator.Build.0 = Release|Any CPU
		{E301E5EB-0FED-43C6-8E98-EED3052602F0}.Release|iPhoneSimulator.Deploy.0 = Release|Any CPU
		{0B059EBE-E52F-4BD2-889E-67EB896DAF75}.Debug|Any CPU.ActiveCfg = Debug|iPhone
		{0B059EBE-E52F-4BD2-889E-67EB896DAF75}.Debug|Any CPU.Build.0 = Debug|iPhone
		{0B059EBE-E52F-4BD2-889E-67EB896DAF75}.Debug|Any CPU.Deploy.0 = Debug|iPhone
		{0B059EBE-E52F-4BD2-889E-67EB896DAF75}.Debug|iPhone.ActiveCfg = Debug|iPhone
		{0B059EBE-E52F-4BD2-889E-67EB896DAF75}.Debug|iPhone.Build.0 = Debug|iPhone
		{0B059EBE-E52F-4BD2-889E-67EB896DAF75}.Debug|iPhone.Deploy.0 = Debug|iPhone
		{0B059EBE-E52F-4BD2-889E-67EB896DAF75}.Debug|iPhoneSimulator.ActiveCfg = Debug|iPhoneSimulator
		{0B059EBE-E52F-4BD2-889E-67EB896DAF75}.Debug|iPhoneSimulator.Build.0 = Debug|iPhoneSimulator
		{0B059EBE-E52F-4BD2-889E-67EB896DAF75}.Debug|iPhoneSimulator.Deploy.0 = Debug|iPhoneSimulator
		{0B059EBE-E52F-4BD2-889E-67EB896DAF75}.Release|Any CPU.ActiveCfg = Release|iPhone
		{0B059EBE-E52F-4BD2-889E-67EB896DAF75}.Release|Any CPU.Build.0 = Release|iPhone
		{0B059EBE-E52F-4BD2-889E-67EB896DAF75}.Release|Any CPU.Deploy.0 = Release|iPhone
		{0B059EBE-E52F-4BD2-889E-67EB896DAF75}.Release|iPhone.ActiveCfg = Release|iPhone
		{0B059EBE-E52F-4BD2-889E-67EB896DAF75}.Release|iPhone.Build.0 = Release|iPhone
		{0B059EBE-E52F-4BD2-889E-67EB896DAF75}.Release|iPhone.Deploy.0 = Release|iPhone
		{0B059EBE-E52F-4BD2-889E-67EB896DAF75}.Release|iPhoneSimulator.ActiveCfg = Release|iPhoneSimulator
		{0B059EBE-E52F-4BD2-889E-67EB896DAF75}.Release|iPhoneSimulator.Build.0 = Release|iPhoneSimulator
		{0B059EBE-E52F-4BD2-889E-67EB896DAF75}.Release|iPhoneSimulator.Deploy.0 = Release|iPhoneSimulator
		{5D26FFA7-E72A-4FD8-97DB-4E94139FB43C}.Debug|Any CPU.ActiveCfg = Debug|Any CPU
		{5D26FFA7-E72A-4FD8-97DB-4E94139FB43C}.Debug|Any CPU.Build.0 = Debug|Any CPU
		{5D26FFA7-E72A-4FD8-97DB-4E94139FB43C}.Debug|Any CPU.Deploy.0 = Debug|Any CPU
		{5D26FFA7-E72A-4FD8-97DB-4E94139FB43C}.Debug|iPhone.ActiveCfg = Debug|Any CPU
		{5D26FFA7-E72A-4FD8-97DB-4E94139FB43C}.Debug|iPhone.Build.0 = Debug|Any CPU
		{5D26FFA7-E72A-4FD8-97DB-4E94139FB43C}.Debug|iPhone.Deploy.0 = Debug|Any CPU
		{5D26FFA7-E72A-4FD8-97DB-4E94139FB43C}.Debug|iPhoneSimulator.ActiveCfg = Debug|Any CPU
		{5D26FFA7-E72A-4FD8-97DB-4E94139FB43C}.Debug|iPhoneSimulator.Build.0 = Debug|Any CPU
		{5D26FFA7-E72A-4FD8-97DB-4E94139FB43C}.Debug|iPhoneSimulator.Deploy.0 = Debug|Any CPU
		{5D26FFA7-E72A-4FD8-97DB-4E94139FB43C}.Release|Any CPU.ActiveCfg = Release|Any CPU
		{5D26FFA7-E72A-4FD8-97DB-4E94139FB43C}.Release|Any CPU.Build.0 = Release|Any CPU
		{5D26FFA7-E72A-4FD8-97DB-4E94139FB43C}.Release|Any CPU.Deploy.0 = Release|Any CPU
		{5D26FFA7-E72A-4FD8-97DB-4E94139FB43C}.Release|iPhone.ActiveCfg = Release|Any CPU
		{5D26FFA7-E72A-4FD8-97DB-4E94139FB43C}.Release|iPhone.Build.0 = Release|Any CPU
		{5D26FFA7-E72A-4FD8-97DB-4E94139FB43C}.Release|iPhone.Deploy.0 = Release|Any CPU
		{5D26FFA7-E72A-4FD8-97DB-4E94139FB43C}.Release|iPhoneSimulator.ActiveCfg = Release|Any CPU
		{5D26FFA7-E72A-4FD8-97DB-4E94139FB43C}.Release|iPhoneSimulator.Build.0 = Release|Any CPU
		{5D26FFA7-E72A-4FD8-97DB-4E94139FB43C}.Release|iPhoneSimulator.Deploy.0 = Release|Any CPU
	EndGlobalSection
	GlobalSection(SolutionProperties) = preSolution
		HideSolutionNode = FALSE
	EndGlobalSection
	GlobalSection(ExtensibilityGlobals) = postSolution
		SolutionGuid = {08D5F85B-7BE4-497E-9DB3-DBA451E6320B}
	EndGlobalSection
EndGlobal
